{
  "name": "draft_js_example_min",
  "version": "0.1.0",
  "lockfileVersion": 1,
  "requires": true,
  "dependencies": {
    "classnames": {
      "version": "2.2.5",
      "resolved": "https://registry.npmjs.org/classnames/-/classnames-2.2.5.tgz",
      "integrity": "sha1-+zgB1FNGdknvNgPH1hoCvRKb3m0="
    },
    "object-assign": {
      "version": "4.1.1",
      "resolved": "https://registry.npmjs.org/object-assign/-/object-assign-4.1.1.tgz",
      "integrity": "sha1-IQmtx5ZYh8/AXLvUQsrIv7s2CGM="
    },
    "react-contextmenu": {
      "version": "2.9.2",
      "resolved": "https://registry.npmjs.org/react-contextmenu/-/react-contextmenu-2.9.2.tgz",
      "integrity": "sha512-DdcO6iLBIJuDVsRpJLG/9N6ine0OVZhuQvnSPCEihfcyJFz+SHU9pQo+w9LWi2PdUxFbFV52BwAuutQkAYJxaA==",
      "requires": {
        "classnames": "2.2.5",
        "object-assign": "4.1.1"
      }
    }
  }
}
